// !$*UTF8*$!
{
	archiveVersion = 1;
	classes = {
	};
	objectVersion = 46;
	objects = {

/* Begin PBXBuildFile section */
		9F2002B31D12FB1300CF5E63 /* AppDelegate.swift in Sources */ = {isa = PBXBuildFile; fileRef = 9F2002B21D12FB1300CF5E63 /* AppDelegate.swift */; };
		9F2002B51D12FB1300CF5E63 /* ViewController.swift in Sources */ = {isa = PBXBuildFile; fileRef = 9F2002B41D12FB1300CF5E63 /* ViewController.swift */; };
		9F2002B81D12FB1300CF5E63 /* Main.storyboard in Resources */ = {isa = PBXBuildFile; fileRef = 9F2002B61D12FB1300CF5E63 /* Main.storyboard */; };
		9F2002BA1D12FB1300CF5E63 /* Assets.xcassets in Resources */ = {isa = PBXBuildFile; fileRef = 9F2002B91D12FB1300CF5E63 /* Assets.xcassets */; };
		9F2002BD1D12FB1300CF5E63 /* LaunchScreen.storyboard in Resources */ = {isa = PBXBuildFile; fileRef = 9F2002BB1D12FB1300CF5E63 /* LaunchScreen.storyboard */; };
/* End PBXBuildFile section */

/* Begin PBXFileReference section */
		9F2002AF1D12FB1300CF5E63 /* MinorityReport.app */ = {isa = PBXFileReference; explicitFileType = wrapper.application; includeInIndex = 0; path = MinorityReport.app; sourceTree = BUILT_PRODUCTS_DIR; };
		9F2002B21D12FB1300CF5E63 /* AppDelegate.swift */ = {isa = PBXFileReference; lastKnownFileType = sourcecode.swift; path = AppDelegate.swift; sourceTree = "<group>"; };
		9F2002B41D12FB1300CF5E63 /* ViewController.swift */ = {isa = PBXFileReference; lastKnownFileType = sourcecode.swift; path = ViewController.swift; sourceTree = "<group>"; };
		9F2002B71D12FB1300CF5E63 /* Base */ = {isa = PBXFileReference; lastKnownFileType = file.storyboard; name = Base; path = Base.lproj/Main.storyboard; sourceTree = "<group>"; };
		9F2002B91D12FB1300CF5E63 /* Assets.xcassets */ = {isa = PBXFileReference; lastKnownFileType = folder.assetcatalog; path = Assets.xcassets; sourceTree = "<group>"; };
		9F2002BC1D12FB1300CF5E63 /* Base */ = {isa = PBXFileReference; lastKnownFileType = file.storyboard; name = Base; path = Base.lproj/LaunchScreen.storyboard; sourceTree = "<group>"; };
		9F2002BE1D12FB1300CF5E63 /* Info.plist */ = {isa = PBXFileReference; lastKnownFileType = text.plist.xml; path = Info.plist; sourceTree = "<group>"; };
/* End PBXFileReference section */

/* Begin PBXFrameworksBuildPhase section */
		9F2002AC1D12FB1300CF5E63 /* Frameworks */ = {
			isa = PBXFrameworksBuildPhase;
			buildActionMask = 2147483647;
			files = (
			);
			runOnlyForDeploymentPostprocessing = 0;
		};
/* End PBXFrameworksBuildPhase section */

/* Begin PBXGroup section */
		9F2002A61D12FB1300CF5E63 = {
			isa = PBXGroup;
			children = (
				9F2002B11D12FB1300CF5E63 /* MinorityReport */,
				9F2002B01D12FB1300CF5E63 /* Products */,
			);
			sourceTree = "<group>";
		};
		9F2002B01D12FB1300CF5E63 /* Products */ = {
			isa = PBXGroup;
			children = (
				9F2002AF1D12FB1300CF5E63 /* MinorityReport.app */,
			);
			name = Products;
			sourceTree = "<group>";
		};
		9F2002B11D12FB1300CF5E63 /* MinorityReport */ = {
			isa = PBXGroup;
			children = (
				9F2002B21D12FB1300CF5E63 /* AppDelegate.swift */,
				9F2002B41D12FB1300CF5E63 /* ViewController.swift */,
				9F2002B61D12FB1300CF5E63 /* Main.storyboard */,
				9F2002B91D12FB1300CF5E63 /* Assets.xcassets */,
				9F2002BB1D12FB1300CF5E63 /* LaunchScreen.storyboard */,
				9F2002BE1D12FB1300CF5E63 /* Info.plist */,
			);
			path = MinorityReport;
			sourceTree = "<group>";
		};
/* End PBXGroup section */

/* Begin PBXNativeTarget section */
		9F2002AE1D12FB1300CF5E63 /* MinorityReport */ = {
			isa = PBXNativeTarget;
			buildConfigurationList = 9F2002C11D12FB1300CF5E63 /* Build configuration list for PBXNativeTarget "MinorityReport" */;
			buildPhases = (
				9F2002AB1D12FB1300CF5E63 /* Sources */,
				9F2002AC1D12FB1300CF5E63 /* Frameworks */,
				9F2002AD1D12FB1300CF5E63 /* Resources */,
			);
			buildRules = (
			);
			dependencies = (
			);
			name = MinorityReport;
			productName = MinorityReport;
			productReference = 9F2002AF1D12FB1300CF5E63 /* MinorityReport.app */;
			productType = "com.apple.product-type.application";
		};
/* End PBXNativeTarget section */

/* Begin PBXProject section */
		9F2002A71D12FB1300CF5E63 /* Project object */ = {
			isa = PBXProject;
			attributes = {
				LastSwiftUpdateCheck = 0730;
				LastUpgradeCheck = 0730;
				ORGANIZATIONNAME = "Kristin Kamenar";
				TargetAttributes = {
					9F2002AE1D12FB1300CF5E63 = {
						CreatedOnToolsVersion = 7.3.1;
					};
				};
			};
			buildConfigurationList = 9F2002AA1D12FB1300CF5E63 /* Build configuration list for PBXProject "MinorityReport" */;
			compatibilityVersion = "Xcode 3.2";
			developmentRegion = English;
			hasScannedForEncodings = 0;
			knownRegions = (
				en,
				Base,
			);
			mainGroup = 9F2002A61D12FB1300CF5E63;
			productRefGroup = 9F2002B01D12FB1300CF5E63 /* Products */;
			projectDirPath = "";
			projectRoot = "";
			targets = (
				9F2002AE1D12FB1300CF5E63 /* MinorityReport */,
			);
		};
/* End PBXProject section */

/* Begin PBXResourcesBuildPhase section */
		9F2002AD1D12FB1300CF5E63 /* Resources */ = {
			isa = PBXResourcesBuildPhase;
			buildActionMask = 2147483647;
			files = (
				9F2002BD1D12FB1300CF5E63 /* LaunchScreen.storyboard in Resources */,
				9F2002BA1D12FB1300CF5E63 /* Assets.xcassets in Resources */,
				9F2002B81D12FB1300CF5E63 /* Main.storyboard in Resources */,
			);
			runOnlyForDeploymentPostprocessing = 0;
		};
/* End PBXResourcesBuildPhase section */

/* Begin PBXSourcesBuildPhase section */
		9F2002AB1D12FB1300CF5E63 /* Sources */ = {
			isa = PBXSourcesBuildPhase;
			buildActionMask = 2147483647;
			files = (
				9F2002B51D12FB1300CF5E63 /* ViewController.swift in Sources */,
				9F2002B31D12FB1300CF5E63 /* AppDelegate.swift in Sources */,
			);
			runOnlyForDeploymentPostprocessing = 0;
		};
/* End PBXSourcesBuildPhase section */

/* Begin PBXVariantGroup section */
		9F2002B61D12FB1300CF5E63 /* Main.storyboard */ = {
			isa = PBXVariantGroup;
			children = (
				9F2002B71D12FB1300CF5E63 /* Base */,
			);
			name = Main.storyboard;
			sourceTree = "<group>";
		};
		9F2002BB1D12FB1300CF5E63 /* LaunchScreen.storyboard */ = {
			isa = PBXVariantGroup;
			children = (
				9F2002BC1D12FB1300CF5E63 /* Base */,
			);
			name = LaunchScreen.storyboard;
			sourceTree = "<group>";
		};
/* End PBXVariantGroup section */

/* Begin XCBuildConfiguration section */
		9F2002BF1D12FB1300CF5E63 /* Debug */ = {
			isa = XCBuildConfiguration;
			buildSettings = {
				ALWAYS_SEARCH_USER_PATHS = NO;
				CLANG_ANALYZER_NONNULL = YES;
				CLANG_CXX_LANGUAGE_STANDARD = "gnu++0x";
				CLANG_CXX_LIBRARY = "libc++";
				CLANG_ENABLE_MODULES = YES;
				CLANG_ENABLE_OBJC_ARC = YES;
				CLANG_WARN_BOOL_CONVERSION = YES;
				CLANG_WARN_CONSTANT_CONVERSION = YES;
				CLANG_WARN_DIRECT_OBJC_ISA_USAGE = YES_ERROR;
				CLANG_WARN_EMPTY_BODY = YES;
				CLANG_WARN_ENUM_CONVERSION = YES;
				CLANG_WARN_INT_CONVERSION = YES;
				CLANG_WARN_OBJC_ROOT_CLASS = YES_ERROR;
				CLANG_WARN_UNREACHABLE_CODE = YES;
				CLANG_WARN__DUPLICATE_METHOD_MATCH = YES;
				"CODE_SIGN_IDENTITY[sdk=iphoneos*]" = "iPhone Developer";
				COPY_PHASE_STRIP = NO;
				DEBUG_INFORMATION_FORMAT = dwarf;
				ENABLE_STRICT_OBJC_MSGSEND = YES;
				ENABLE_TESTABILITY = YES;
				GCC_C_LANGUAGE_STANDARD = gnu99;
				GCC_DYNAMIC_NO_PIC = NO;
				GCC_NO_COMMON_BLOCKS = YES;
				GCC_OPTIMIZATION_LEVEL = 0;
				GCC_PREPROCESSOR_DEFINITIONS = (
					"DEBUG=1",
					"$(inherited)",
				);
				GCC_WARN_64_TO_32_BIT_CONVERSION = YES;
				GCC_WARN_ABOUT_RETURN_TYPE = YES_ERROR;
				GCC_WARN_UNDECLARED_SELECTOR = YES;
				GCC_WARN_UNINITIALIZED_AUTOS = YES_AGGRESSIVE;
				GCC_WARN_UNUSED_FUNCTION = YES;
				GCC_WARN_UNUSED_VARIABLE = YES;
				IPHONEOS_DEPLOYMENT_TARGET = 9.3;
				MTL_ENABLE_DEBUG_INFO = YES;
				ONLY_ACTIVE_ARCH = YES;
				SDKROOT = iphoneos;
				SWIFT_OPTIMIZATION_LEVEL = "-Onone";
				TARGETED_DEVICE_FAMILY = "1,2";
			};
			name = Debug;
		};
		9F2002C01D12FB1300CF5E63 /* Release */ = {
			isa = XCBuildConfiguration;
			buildSettings = {
				ALWAYS_SEARCH_USER_PATHS = NO;
				CLANG_ANALYZER_NONNULL = YES;
				CLANG_CXX_LANGUAGE_STANDARD = "gnu++0x";
				CLANG_CXX_LIBRARY = "libc++";
				CLANG_ENABLE_MODULES = YES;
				CLANG_ENABLE_OBJC_ARC = YES;
				CLANG_WARN_BOOL_CONVERSION = YES;
				CLANG_WARN_CONSTANT_CONVERSION = YES;
				CLANG_WARN_DIRECT_OBJC_ISA_USAGE = YES_ERROR;
				CLANG_WARN_EMPTY_BODY = YES;
				CLANG_WARN_ENUM_CONVERSION = YES;
				CLANG_WARN_INT_CONVERSION = YES;
				CLANG_WARN_OBJC_ROOT_CLASS = YES_ERROR;
				CLANG_WARN_UNREACHABLE_CODE = YES;
				CLANG_WARN__DUPLICATE_METHOD_MATCH = YES;
				"CODE_SIGN_IDENTITY[sdk=iphoneos*]" = "iPhone Developer";
				COPY_PHASE_STRIP = NO;
				DEBUG_INFORMATION_FORMAT = "dwarf-with-dsym";
				ENABLE_NS_ASSERTIONS = NO;
				ENABLE_STRICT_OBJC_MSGSEND = YES;
				GCC_C_LANGUAGE_STANDARD = gnu99;
				GCC_NO_COMMON_BLOCKS = YES;
				GCC_WARN_64_TO_32_BIT_CONVERSION = YES;
				GCC_WARN_ABOUT_RETURN_TYPE = YES_ERROR;
				GCC_WARN_UNDECLARED_SELECTOR = YES;
				GCC_WARN_UNINITIALIZED_AUTOS = YES_AGGRESSIVE;
				GCC_WARN_UNUSED_FUNCTION = YES;
				GCC_WARN_UNUSED_VARIABLE = YES;
				IPHONEOS_DEPLOYMENT_TARGET = 9.3;
				MTL_ENABLE_DEBUG_INFO = NO;
				SDKROOT = iphoneos;
				TARGETED_DEVICE_FAMILY = "1,2";
				VALIDATE_PRODUCT = YES;
			};
			name = Release;
		};
		9F2002C21D12FB1300CF5E63 /* Debug */ = {
			isa = XCBuildConfiguration;
			buildSettings = {
				ASSETCATALOG_COMPILER_APPICON_NAME = AppIcon;
				INFOPLIST_FILE = MinorityReport/Info.plist;
				LD_RUNPATH_SEARCH_PATHS = "$(inherited) @executable_path/Frameworks";
				PRODUCT_BUNDLE_IDENTIFIER = SDW.MinorityReport;
				PRODUCT_NAME = "$(TARGET_NAME)";
			};
			name = Debug;
		};
		9F2002C31D12FB1300CF5E63 /* Release */ = {
			isa = XCBuildConfiguration;
			buildSettings = {
				ASSETCATALOG_COMPILER_APPICON_NAME = AppIcon;
				INFOPLIST_FILE = MinorityReport/Info.plist;
				LD_RUNPATH_SEARCH_PATHS = "$(inherited) @executable_path/Frameworks";
				PRODUCT_BUNDLE_IDENTIFIER = SDW.MinorityReport;
				PRODUCT_NAME = "$(TARGET_NAME)";
			};
			name = Release;
		};
/* End XCBuildConfiguration section */

/* Begin XCConfigurationList section */
		9F2002AA1D12FB1300CF5E63 /* Build configuration list for PBXProject "MinorityReport" */ = {
			isa = XCConfigurationList;
			buildConfigurations = (
				9F2002BF1D12FB1300CF5E63 /* Debug */,
				9F2002C01D12FB1300CF5E63 /* Release */,
			);
			defaultConfigurationIsVisible = 0;
			defaultConfigurationName = Release;
		};
		9F2002C11D12FB1300CF5E63 /* Build configuration list for PBXNativeTarget "MinorityReport" */ = {
			isa = XCConfigurationList;
			buildConfigurations = (
				9F2002C21D12FB1300CF5E63 /* Debug */,
				9F2002C31D12FB1300CF5E63 /* Release */,
			);
			defaultConfigurationIsVisible = 0;
		};
/* End XCConfigurationList section */
	};
	rootObject = 9F2002A71D12FB1300CF5E63 /* Project object */;
}
